{
  "nodes": {
    "ciel": {
      "inputs": {
        "nix-eda": [
          "nix-eda"
        ]
      },
      "locked": {
        "lastModified": 1783602956,
        "narHash": "sha256-rPsbit/VQ/bTAuRnuaTKQInztJHFhTBofqnrUzYyDKs=",
        "owner": "fossi-foundation",
        "repo": "ciel",
        "rev": "714d1bbb626d41e3cecc0ea23e752775166fde6e",
        "type": "github"
      },
      "original": {
        "owner": "fossi-foundation",
        "repo": "ciel",
        "type": "github"
      }
    },
    "nix-eda": {
      "inputs": {
        "nixpkgs": "nixpkgs"
      },
      "locked": {
        "lastModified": 1773918136,
        "narHash": "sha256-nSKBMGP8/ZC7qB3Lzd+FwM8REqOxlh8wpYDf2hlK6Gg=",
        "owner": "fossi-foundation",
        "repo": "nix-eda",
        "rev": "8f990fb77529c09e540e453cd836af9930ec58db",
        "type": "github"
      },
      "original": {
        "owner": "fossi-foundation",
        "ref": "6.11.0",
        "repo": "nix-eda",
        "type": "github"
      }
    },
    "nixpkgs": {
      "locked": {
        "lastModified": 1766201043,
        "narHash": "sha256-eplAP+rorKKd0gNjV3rA6+0WMzb1X1i16F5m5pASnjA=",
        "owner": "nixos",
        "repo": "nixpkgs",
        "rev": "b3aad468604d3e488d627c0b43984eb60e75e782",
        "type": "github"
      },
      "original": {
        "owner": "nixos",
        "ref": "nixos-25.11",
        "repo": "nixpkgs",
        "type": "github"
      }
    },
    "nixpkgs_2": {
      "locked": {
        "lastModified": 1787736819,
        "narHash": "sha256-cV5xEJJK3BvhU8rEd4mC9UsmDi5qscv/kzGPhBRC5WA=",
        "owner": "NixOS",
        "repo": "nixpkgs",
        "rev": "9fbb54b33e91ee4ca368e35a78e0613c720600b3",
        "type": "github"
      },
      "original": {
        "owner": "NixOS",
        "ref": "nixos-unstable",
        "repo": "nixpkgs",
        "type": "github"
      }
    },
    "root": {
      "inputs": {
        "ciel": "ciel",
        "nix-eda": "nix-eda",
        "nixpkgs": "nixpkgs_2"
      }
    }
  },
  "root": "root",
  "version": 7
}
